
Microsoft Visual Studio Solution File, Format Version 12.00
# Visual Studio 15
Project("{FAE04EC0-301F-11D3-BF4B-00C04F79EFBC}") = "Journey", "Journey\Journey.csproj", "{D7B7C602-0C2B-4BE6-B9D3-10992965ED7C}"
EndProject
Global
	GlobalSection(SolutionConfigurationPlatforms) = preSolution
		Debug|Any CPU = Debug|Any CPU
		Release|Any CPU = Release|Any CPU
	EndGlobalSection
	GlobalSection(ProjectConfigurationPlatforms) = postSolution
		{D7B7C602-0C2B-4BE6-B9D3-10992965ED7C}.Debug|Any CPU.ActiveCfg = Debug|Any CPU
		{D7B7C602-0C2B-4BE6-B9D3-10992965ED7C}.Debug|Any CPU.Build.0 = Debug|Any CPU
		{D7B7C602-0C2B-4BE6-B9D3-10992965ED7C}.Release|Any CPU.ActiveCfg = Release|Any CPU
		{D7B7C602-0C2B-4BE6-B9D3-10992965ED7C}.Release|Any CPU.Build.0 = Release|Any CPU
	EndGlobalSection
EndGlobal
